// !$*UTF8*$!
{
	archiveVersion = 1;
	classes = {
	};
	objectVersion = 46;
	objects = {

/* Begin PBXBuildFile section */
		4C76F16E1B7D40460022F40D /* AppDelegate.swift in Sources */ = {isa = PBXBuildFile; fileRef = 4C76F16D1B7D40460022F40D /* AppDelegate.swift */; };
		4C76F1701B7D40460022F40D /* ViewController.swift in Sources */ = {isa = PBXBuildFile; fileRef = 4C76F16F1B7D40460022F40D /* ViewController.swift */; };
		4C76F1731B7D40460022F40D /* Main.storyboard in Resources */ = {isa = PBXBuildFile; fileRef = 4C76F1711B7D40460022F40D /* Main.storyboard */; };
		4C76F1751B7D40460022F40D /* Images.xcassets in Resources */ = {isa = PBXBuildFile; fileRef = 4C76F1741B7D40460022F40D /* Images.xcassets */; };
		4C76F1781B7D40460022F40D /* LaunchScreen.xib in Resources */ = {isa = PBXBuildFile; fileRef = 4C76F1761B7D40460022F40D /* LaunchScreen.xib */; };
		4C76F1841B7D40460022F40D /* HypnosisterTests.swift in Sources */ = {isa = PBXBuildFile; fileRef = 4C76F1831B7D40460022F40D /* HypnosisterTests.swift */; };
		4C76F18E1B7D41AC0022F40D /* HypnosisView.swift in Sources */ = {isa = PBXBuildFile; fileRef = 4C76F18D1B7D41AC0022F40D /* HypnosisView.swift */; };
/* End PBXBuildFile section */

/* Begin PBXContainerItemProxy section */
		4C76F17E1B7D40460022F40D /* PBXContainerItemProxy */ = {
			isa = PBXContainerItemProxy;
			containerPortal = 4C76F1601B7D40460022F40D /* Project object */;
			proxyType = 1;
			remoteGlobalIDString = 4C76F1671B7D40460022F40D;
			remoteInfo = Hypnosister;
		};
/* End PBXContainerItemProxy section */

/* Begin PBXFileReference section */
		4C76F1681B7D40460022F40D /* Hypnosister.app */ = {isa = PBXFileReference; explicitFileType = wrapper.application; includeInIndex = 0; path = Hypnosister.app; sourceTree = BUILT_PRODUCTS_DIR; };
		4C76F16C1B7D40460022F40D /* Info.plist */ = {isa = PBXFileReference; lastKnownFileType = text.plist.xml; path = Info.plist; sourceTree = "<group>"; };
		4C76F16D1B7D40460022F40D /* AppDelegate.swift */ = {isa = PBXFileReference; lastKnownFileType = sourcecode.swift; path = AppDelegate.swift; sourceTree = "<group>"; };
		4C76F16F1B7D40460022F40D /* ViewController.swift */ = {isa = PBXFileReference; lastKnownFileType = sourcecode.swift; path = ViewController.swift; sourceTree = "<group>"; };
		4C76F1721B7D40460022F40D /* Base */ = {isa = PBXFileReference; lastKnownFileType = file.storyboard; name = Base; path = Base.lproj/Main.storyboard; sourceTree = "<group>"; };
		4C76F1741B7D40460022F40D /* Images.xcassets */ = {isa = PBXFileReference; lastKnownFileType = folder.assetcatalog; path = Images.xcassets; sourceTree = "<group>"; };
		4C76F1771B7D40460022F40D /* Base */ = {isa = PBXFileReference; lastKnownFileType = file.xib; name = Base; path = Base.lproj/LaunchScreen.xib; sourceTree = "<group>"; };
		4C76F17D1B7D40460022F40D /* HypnosisterTests.xctest */ = {isa = PBXFileReference; explicitFileType = wrapper.cfbundle; includeInIndex = 0; path = HypnosisterTests.xctest; sourceTree = BUILT_PRODUCTS_DIR; };
		4C76F1821B7D40460022F40D /* Info.plist */ = {isa = PBXFileReference; lastKnownFileType = text.plist.xml; path = Info.plist; sourceTree = "<group>"; };
		4C76F1831B7D40460022F40D /* HypnosisterTests.swift */ = {isa = PBXFileReference; lastKnownFileType = sourcecode.swift; path = HypnosisterTests.swift; sourceTree = "<group>"; };
		4C76F18D1B7D41AC0022F40D /* HypnosisView.swift */ = {isa = PBXFileReference; fileEncoding = 4; lastKnownFileType = sourcecode.swift; path = HypnosisView.swift; sourceTree = "<group>"; };
/* End PBXFileReference section */

/* Begin PBXFrameworksBuildPhase section */
		4C76F1651B7D40460022F40D /* Frameworks */ = {
			isa = PBXFrameworksBuildPhase;
			buildActionMask = 2147483647;
			files = (
			);
			runOnlyForDeploymentPostprocessing = 0;
		};
		4C76F17A1B7D40460022F40D /* Frameworks */ = {
			isa = PBXFrameworksBuildPhase;
			buildActionMask = 2147483647;
			files = (
			);
			runOnlyForDeploymentPostprocessing = 0;
		};
/* End PBXFrameworksBuildPhase section */

/* Begin PBXGroup section */
		4C76F15F1B7D40460022F40D = {
			isa = PBXGroup;
			children = (
				4C76F16A1B7D40460022F40D /* Hypnosister */,
				4C76F1801B7D40460022F40D /* HypnosisterTests */,
				4C76F1691B7D40460022F40D /* Products */,
			);
			sourceTree = "<group>";
		};
		4C76F1691B7D40460022F40D /* Products */ = {
			isa = PBXGroup;
			children = (
				4C76F1681B7D40460022F40D /* Hypnosister.app */,
				4C76F17D1B7D40460022F40D /* HypnosisterTests.xctest */,
			);
			name = Products;
			sourceTree = "<group>";
		};
		4C76F16A1B7D40460022F40D /* Hypnosister */ = {
			isa = PBXGroup;
			children = (
				4C76F16D1B7D40460022F40D /* AppDelegate.swift */,
				4C76F16F1B7D40460022F40D /* ViewController.swift */,
				4C76F18D1B7D41AC0022F40D /* HypnosisView.swift */,
				4C76F1711B7D40460022F40D /* Main.storyboard */,
				4C76F1741B7D40460022F40D /* Images.xcassets */,
				4C76F1761B7D40460022F40D /* LaunchScreen.xib */,
				4C76F16B1B7D40460022F40D /* Supporting Files */,
			);
			path = Hypnosister;
			sourceTree = "<group>";
		};
		4C76F16B1B7D40460022F40D /* Supporting Files */ = {
			isa = PBXGroup;
			children = (
				4C76F16C1B7D40460022F40D /* Info.plist */,
			);
			name = "Supporting Files";
			sourceTree = "<group>";
		};
		4C76F1801B7D40460022F40D /* HypnosisterTests */ = {
			isa = PBXGroup;
			children = (
				4C76F1831B7D40460022F40D /* HypnosisterTests.swift */,
				4C76F1811B7D40460022F40D /* Supporting Files */,
			);
			path = HypnosisterTests;
			sourceTree = "<group>";
		};
		4C76F1811B7D40460022F40D /* Supporting Files */ = {
			isa = PBXGroup;
			children = (
				4C76F1821B7D40460022F40D /* Info.plist */,
			);
			name = "Supporting Files";
			sourceTree = "<group>";
		};
/* End PBXGroup section */

/* Begin PBXNativeTarget section */
		4C76F1671B7D40460022F40D /* Hypnosister */ = {
			isa = PBXNativeTarget;
			buildConfigurationList = 4C76F1871B7D40460022F40D /* Build configuration list for PBXNativeTarget "Hypnosister" */;
			buildPhases = (
				4C76F1641B7D40460022F40D /* Sources */,
				4C76F1651B7D40460022F40D /* Frameworks */,
				4C76F1661B7D40460022F40D /* Resources */,
			);
			buildRules = (
			);
			dependencies = (
			);
			name = Hypnosister;
			productName = Hypnosister;
			productReference = 4C76F1681B7D40460022F40D /* Hypnosister.app */;
			productType = "com.apple.product-type.application";
		};
		4C76F17C1B7D40460022F40D /* HypnosisterTests */ = {
			isa = PBXNativeTarget;
			buildConfigurationList = 4C76F18A1B7D40460022F40D /* Build configuration list for PBXNativeTarget "HypnosisterTests" */;
			buildPhases = (
				4C76F1791B7D40460022F40D /* Sources */,
				4C76F17A1B7D40460022F40D /* Frameworks */,
				4C76F17B1B7D40460022F40D /* Resources */,
			);
			buildRules = (
			);
			dependencies = (
				4C76F17F1B7D40460022F40D /* PBXTargetDependency */,
			);
			name = HypnosisterTests;
			productName = HypnosisterTests;
			productReference = 4C76F17D1B7D40460022F40D /* HypnosisterTests.xctest */;
			productType = "com.apple.product-type.bundle.unit-test";
		};
/* End PBXNativeTarget section */

/* Begin PBXProject section */
		4C76F1601B7D40460022F40D /* Project object */ = {
			isa = PBXProject;
			attributes = {
				LastUpgradeCheck = 0640;
				ORGANIZATIONNAME = "Michael Borgmann";
				TargetAttributes = {
					4C76F1671B7D40460022F40D = {
						CreatedOnToolsVersion = 6.4;
					};
					4C76F17C1B7D40460022F40D = {
						CreatedOnToolsVersion = 6.4;
						TestTargetID = 4C76F1671B7D40460022F40D;
					};
				};
			};
			buildConfigurationList = 4C76F1631B7D40460022F40D /* Build configuration list for PBXProject "Hypnosister" */;
			compatibilityVersion = "Xcode 3.2";
			developmentRegion = English;
			hasScannedForEncodings = 0;
			knownRegions = (
				en,
				Base,
			);
			mainGroup = 4C76F15F1B7D40460022F40D;
			productRefGroup = 4C76F1691B7D40460022F40D /* Products */;
			projectDirPath = "";
			projectRoot = "";
			targets = (
				4C76F1671B7D40460022F40D /* Hypnosister */,
				4C76F17C1B7D40460022F40D /* HypnosisterTests */,
			);
		};
/* End PBXProject section */

/* Begin PBXResourcesBuildPhase section */
		4C76F1661B7D40460022F40D /* Resources */ = {
			isa = PBXResourcesBuildPhase;
			buildActionMask = 2147483647;
			files = (
				4C76F1731B7D40460022F40D /* Main.storyboard in Resources */,
				4C76F1781B7D40460022F40D /* LaunchScreen.xib in Resources */,
				4C76F1751B7D40460022F40D /* Images.xcassets in Resources */,
			);
			runOnlyForDeploymentPostprocessing = 0;
		};
		4C76F17B1B7D40460022F40D /* Resources */ = {
			isa = PBXResourcesBuildPhase;
			buildActionMask = 2147483647;
			files = (
			);
			runOnlyForDeploymentPostprocessing = 0;
		};
/* End PBXResourcesBuildPhase section */

/* Begin PBXSourcesBuildPhase section */
		4C76F1641B7D40460022F40D /* Sources */ = {
			isa = PBXSourcesBuildPhase;
			buildActionMask = 2147483647;
			files = (
				4C76F1701B7D40460022F40D /* ViewController.swift in Sources */,
				4C76F18E1B7D41AC0022F40D /* HypnosisView.swift in Sources */,
				4C76F16E1B7D40460022F40D /* AppDelegate.swift in Sources */,
			);
			runOnlyForDeploymentPostprocessing = 0;
		};
		4C76F1791B7D40460022F40D /* Sources */ = {
			isa = PBXSourcesBuildPhase;
			buildActionMask = 2147483647;
			files = (
				4C76F1841B7D40460022F40D /* HypnosisterTests.swift in Sources */,
			);
			runOnlyForDeploymentPostprocessing = 0;
		};
/* End PBXSourcesBuildPhase section */

/* Begin PBXTargetDependency section */
		4C76F17F1B7D40460022F40D /* PBXTargetDependency */ = {
			isa = PBXTargetDependency;
			target = 4C76F1671B7D40460022F40D /* Hypnosister */;
			targetProxy = 4C76F17E1B7D40460022F40D /* PBXContainerItemProxy */;
		};
/* End PBXTargetDependency section */

/* Begin PBXVariantGroup section */
		4C76F1711B7D40460022F40D /* Main.storyboard */ = {
			isa = PBXVariantGroup;
			children = (
				4C76F1721B7D40460022F40D /* Base */,
			);
			name = Main.storyboard;
			sourceTree = "<group>";
		};
		4C76F1761B7D40460022F40D /* LaunchScreen.xib */ = {
			isa = PBXVariantGroup;
			children = (
				4C76F1771B7D40460022F40D /* Base */,
			);
			name = LaunchScreen.xib;
			sourceTree = "<group>";
		};
/* End PBXVariantGroup section */

/* Begin XCBuildConfiguration section */
		4C76F1851B7D40460022F40D /* Debug */ = {
			isa = XCBuildConfiguration;
			buildSettings = {
				ALWAYS_SEARCH_USER_PATHS = NO;
				CLANG_CXX_LANGUAGE_STANDARD = "gnu++0x";
				CLANG_CXX_LIBRARY = "libc++";
				CLANG_ENABLE_MODULES = YES;
				CLANG_ENABLE_OBJC_ARC = YES;
				CLANG_WARN_BOOL_CONVERSION = YES;
				CLANG_WARN_CONSTANT_CONVERSION = YES;
				CLANG_WARN_DIRECT_OBJC_ISA_USAGE = YES_ERROR;
				CLANG_WARN_EMPTY_BODY = YES;
				CLANG_WARN_ENUM_CONVERSION = YES;
				CLANG_WARN_INT_CONVERSION = YES;
				CLANG_WARN_OBJC_ROOT_CLASS = YES_ERROR;
				CLANG_WARN_UNREACHABLE_CODE = YES;
				CLANG_WARN__DUPLICATE_METHOD_MATCH = YES;
				"CODE_SIGN_IDENTITY[sdk=iphoneos*]" = "iPhone Developer";
				COPY_PHASE_STRIP = NO;
				DEBUG_INFORMATION_FORMAT = "dwarf-with-dsym";
				ENABLE_STRICT_OBJC_MSGSEND = YES;
				GCC_C_LANGUAGE_STANDARD = gnu99;
				GCC_DYNAMIC_NO_PIC = NO;
				GCC_NO_COMMON_BLOCKS = YES;
				GCC_OPTIMIZATION_LEVEL = 0;
				GCC_PREPROCESSOR_DEFINITIONS = (
					"DEBUG=1",
					"$(inherited)",
				);
				GCC_SYMBOLS_PRIVATE_EXTERN = NO;
				GCC_WARN_64_TO_32_BIT_CONVERSION = YES;
				GCC_WARN_ABOUT_RETURN_TYPE = YES_ERROR;
				GCC_WARN_UNDECLARED_SELECTOR = YES;
				GCC_WARN_UNINITIALIZED_AUTOS = YES_AGGRESSIVE;
				GCC_WARN_UNUSED_FUNCTION = YES;
				GCC_WARN_UNUSED_VARIABLE = YES;
				IPHONEOS_DEPLOYMENT_TARGET = 8.4;
				MTL_ENABLE_DEBUG_INFO = YES;
				ONLY_ACTIVE_ARCH = YES;
				SDKROOT = iphoneos;
				SWIFT_OPTIMIZATION_LEVEL = "-Onone";
			};
			name = Debug;
		};
		4C76F1861B7D40460022F40D /* Release */ = {
			isa = XCBuildConfiguration;
			buildSettings = {
				ALWAYS_SEARCH_USER_PATHS = NO;
				CLANG_CXX_LANGUAGE_STANDARD = "gnu++0x";
				CLANG_CXX_LIBRARY = "libc++";
				CLANG_ENABLE_MODULES = YES;
				CLANG_ENABLE_OBJC_ARC = YES;
				CLANG_WARN_BOOL_CONVERSION = YES;
				CLANG_WARN_CONSTANT_CONVERSION = YES;
				CLANG_WARN_DIRECT_OBJC_ISA_USAGE = YES_ERROR;
				CLANG_WARN_EMPTY_BODY = YES;
				CLANG_WARN_ENUM_CONVERSION = YES;
				CLANG_WARN_INT_CONVERSION = YES;
				CLANG_WARN_OBJC_ROOT_CLASS = YES_ERROR;
				CLANG_WARN_UNREACHABLE_CODE = YES;
				CLANG_WARN__DUPLICATE_METHOD_MATCH = YES;
				"CODE_SIGN_IDENTITY[sdk=iphoneos*]" = "iPhone Developer";
				COPY_PHASE_STRIP = NO;
				DEBUG_INFORMATION_FORMAT = "dwarf-with-dsym";
				ENABLE_NS_ASSERTIONS = NO;
				ENABLE_STRICT_OBJC_MSGSEND = YES;
				GCC_C_LANGUAGE_STANDARD = gnu99;
				GCC_NO_COMMON_BLOCKS = YES;
				GCC_WARN_64_TO_32_BIT_CONVERSION = YES;
				GCC_WARN_ABOUT_RETURN_TYPE = YES_ERROR;
				GCC_WARN_UNDECLARED_SELECTOR = YES;
				GCC_WARN_UNINITIALIZED_AUTOS = YES_AGGRESSIVE;
				GCC_WARN_UNUSED_FUNCTION = YES;
				GCC_WARN_UNUSED_VARIABLE = YES;
				IPHONEOS_DEPLOYMENT_TARGET = 8.4;
				MTL_ENABLE_DEBUG_INFO = NO;
				SDKROOT = iphoneos;
				VALIDATE_PRODUCT = YES;
			};
			name = Release;
		};
		4C76F1881B7D40460022F40D /* Debug */ = {
			isa = XCBuildConfiguration;
			buildSettings = {
				ASSETCATALOG_COMPILER_APPICON_NAME = AppIcon;
				INFOPLIST_FILE = Hypnosister/Info.plist;
				LD_RUNPATH_SEARCH_PATHS = "$(inherited) @executable_path/Frameworks";
				PRODUCT_NAME = "$(TARGET_NAME)";
			};
			name = Debug;
		};
		4C76F1891B7D40460022F40D /* Release */ = {
			isa = XCBuildConfiguration;
			buildSettings = {
				ASSETCATALOG_COMPILER_APPICON_NAME = AppIcon;
				INFOPLIST_FILE = Hypnosister/Info.plist;
				LD_RUNPATH_SEARCH_PATHS = "$(inherited) @executable_path/Frameworks";
				PRODUCT_NAME = "$(TARGET_NAME)";
			};
			name = Release;
		};
		4C76F18B1B7D40460022F40D /* Debug */ = {
			isa = XCBuildConfiguration;
			buildSettings = {
				BUNDLE_LOADER = "$(TEST_HOST)";
				FRAMEWORK_SEARCH_PATHS = (
					"$(SDKROOT)/Developer/Library/Frameworks",
					"$(inherited)",
				);
				GCC_PREPROCESSOR_DEFINITIONS = (
					"DEBUG=1",
					"$(inherited)",
				);
				INFOPLIST_FILE = HypnosisterTests/Info.plist;
				LD_RUNPATH_SEARCH_PATHS = "$(inherited) @executable_path/Frameworks @loader_path/Frameworks";
				PRODUCT_NAME = "$(TARGET_NAME)";
				TEST_HOST = "$(BUILT_PRODUCTS_DIR)/Hypnosister.app/Hypnosister";
			};
			name = Debug;
		};
		4C76F18C1B7D40460022F40D /* Release */ = {
			isa = XCBuildConfiguration;
			buildSettings = {
				BUNDLE_LOADER = "$(TEST_HOST)";
				FRAMEWORK_SEARCH_PATHS = (
					"$(SDKROOT)/Developer/Library/Frameworks",
					"$(inherited)",
				);
				INFOPLIST_FILE = HypnosisterTests/Info.plist;
				LD_RUNPATH_SEARCH_PATHS = "$(inherited) @executable_path/Frameworks @loader_path/Frameworks";
				PRODUCT_NAME = "$(TARGET_NAME)";
				TEST_HOST = "$(BUILT_PRODUCTS_DIR)/Hypnosister.app/Hypnosister";
			};
			name = Release;
		};
/* End XCBuildConfiguration section */

/* Begin XCConfigurationList section */
		4C76F1631B7D40460022F40D /* Build configuration list for PBXProject "Hypnosister" */ = {
			isa = XCConfigurationList;
			buildConfigurations = (
				4C76F1851B7D40460022F40D /* Debug */,
				4C76F1861B7D40460022F40D /* Release */,
			);
			defaultConfigurationIsVisible = 0;
			defaultConfigurationName = Release;
		};
		4C76F1871B7D40460022F40D /* Build configuration list for PBXNativeTarget "Hypnosister" */ = {
			isa = XCConfigurationList;
			buildConfigurations = (
				4C76F1881B7D40460022F40D /* Debug */,
				4C76F1891B7D40460022F40D /* Release */,
			);
			defaultConfigurationIsVisible = 0;
		};
		4C76F18A1B7D40460022F40D /* Build configuration list for PBXNativeTarget "HypnosisterTests" */ = {
			isa = XCConfigurationList;
			buildConfigurations = (
				4C76F18B1B7D40460022F40D /* Debug */,
				4C76F18C1B7D40460022F40D /* Release */,
			);
			defaultConfigurationIsVisible = 0;
		};
/* End XCConfigurationList section */
	};
	rootObject = 4C76F1601B7D40460022F40D /* Project object */;
}
